
Microsoft Visual Studio Solution File, Format Version 12.00
# Visual Studio Version 17
VisualStudioVersion = 17.5.33627.172
MinimumVisualStudioVersion = 10.0.40219.1
Project("{FAE04EC0-301F-11D3-BF4B-00C04F79EFBC}") = "Policlinika", "Policlinika.csproj", "{4BC850E5-6150-452A-84F5-803426D300EA}"
EndProject
Global
	GlobalSection(SolutionConfigurationPlatforms) = preSolution
		Debug|Any CPU = Debug|Any CPU
		Release|Any CPU = Release|Any CPU
	EndGlobalSection
	GlobalSection(ProjectConfigurationPlatforms) = postSolution
		{4BC850E5-6150-452A-84F5-803426D300EA}.Debug|Any CPU.ActiveCfg = Debug|Any CPU
		{4BC850E5-6150-452A-84F5-803426D300EA}.Debug|Any CPU.Build.0 = Debug|Any CPU
		{4BC850E5-6150-452A-84F5-803426D300EA}.Release|Any CPU.ActiveCfg = Release|Any CPU
		{4BC850E5-6150-452A-84F5-803426D300EA}.Release|Any CPU.Build.0 = Release|Any CPU
	EndGlobalSection
	GlobalSection(SolutionProperties) = preSolution
		HideSolutionNode = FALSE
	EndGlobalSection
	GlobalSection(ExtensibilityGlobals) = postSolution
		SolutionGuid = {E5CBBD7E-AF8C-4A34-8D69-9E9CEC543B58}
	EndGlobalSection
EndGlobal
